{
  "name": "Gestor-de-turnos",
  "lockfileVersion": 3,
  "requires": true,
  "packages": {
    "": {
      "dependencies": {
        "@angular/cdk": "^20.0.0",
        "@ngrok/ngrok": "^1.7.0",
        "angular-calendar": "^0.32.0"
      }
    },
    "node_modules/@angular/cdk": {
      "version": "20.0.0",
      "resolved": "https://registry.npmjs.org/@angular/cdk/-/cdk-20.0.0.tgz",
      "integrity": "sha512-m7YwhztKgmLo7hJwggeyY28DFuKIKu6F9y6d8eV7dpILgNz9tI9uuwFFDOKe4rLJG2hV1ywyGP070k8z1kpAkw==",
      "license": "MIT",
      "dependencies": {
        "parse5": "^7.1.2",
        "tslib": "^2.3.0"
      },
      "peerDependencies": {
        "@angular/common": "^20.0.0 || ^21.0.0",
        "@angular/core": "^20.0.0 || ^21.0.0",
        "rxjs": "^6.5.3 || ^7.4.0"
      }
    },
    "node_modules/@ngrok/ngrok": {
      "version": "1.7.0",
      "resolved": "https://registry.npmjs.org/@ngrok/ngrok/-/ngrok-1.7.0.tgz",
      "integrity": "sha512-P06o9TpxrJbiRbHQkiwy/rUrlXRupc+Z8KT4MiJfmcdWxvIdzjCaJOdnNkcOTs6DMyzIOefG5tvk/HLdtjqr0g==",
      "license": "(MIT OR Apache-2.0)",
      "engines": {
        "node": ">= 10"
      },
      "optionalDependencies": {
        "@ngrok/ngrok-android-arm64": "1.7.0",
        "@ngrok/ngrok-darwin-arm64": "1.7.0",
        "@ngrok/ngrok-darwin-universal": "1.7.0",
        "@ngrok/ngrok-darwin-x64": "1.7.0",
        "@ngrok/ngrok-freebsd-x64": "1.7.0",
        "@ngrok/ngrok-linux-arm-gnueabihf": "1.7.0",
        "@ngrok/ngrok-linux-arm64-gnu": "1.7.0",
        "@ngrok/ngrok-linux-arm64-musl": "1.7.0",
        "@ngrok/ngrok-linux-x64-gnu": "1.7.0",
        "@ngrok/ngrok-linux-x64-musl": "1.7.0",
        "@ngrok/ngrok-win32-arm64-msvc": "1.7.0",
        "@ngrok/ngrok-win32-ia32-msvc": "1.7.0",
        "@ngrok/ngrok-win32-x64-msvc": "1.7.0"
      }
    },
    "node_modules/@ngrok/ngrok-android-arm64": {
      "version": "1.7.0",
      "resolved": "https://registry.npmjs.org/@ngrok/ngrok-android-arm64/-/ngrok-android-arm64-1.7.0.tgz",
      "integrity": "sha512-8tco3ID6noSaNy+CMS7ewqPoIkIM6XO5COCzsUp3Wv3XEbMSyn65RN6cflX2JdqLfUCHcMyD0ahr9IEiHwqmbQ==",
      "cpu": [
        "arm64"
      ],
      "license": "MIT",
      "optional": true,
      "os": [
        "android"
      ],
      "engines": {
        "node": ">= 10"
      }
    },
    "node_modules/@ngrok/ngrok-darwin-arm64": {
      "version": "1.7.0",
      "resolved": "https://registry.npmjs.org/@ngrok/ngrok-darwin-arm64/-/ngrok-darwin-arm64-1.7.0.tgz",
      "integrity": "sha512-+dmJSOzSO+MNDVrPOca2yYDP1W3KfP4qOlAkarIeFRIfqonQwq3QCBmcR7HAlZocLsSqEwyG6KP4RRvAuT0WGQ==",
      "cpu": [
        "arm64"
      ],
      "license": "MIT",
      "optional": true,
      "os": [
        "darwin"
      ],
      "engines": {
        "node": ">= 10"
      }
    },
    "node_modules/@ngrok/ngrok-darwin-universal": {
      "version": "1.7.0",
      "resolved": "https://registry.npmjs.org/@ngrok/ngrok-darwin-universal/-/ngrok-darwin-universal-1.7.0.tgz",
      "integrity": "sha512-fDEfewyE2pWGFBhOSwQZObeHUkc65U1l+3HIgSOe094TMHsqmyJD0KTCgW9KSn0VP4OvDZbAISi1T3nvqgZYhQ==",
      "license": "MIT",
      "optional": true,
      "os": [
        "darwin"
      ],
      "engines": {
        "node": ">= 10"
      }
    },
    "node_modules/@ngrok/ngrok-darwin-x64": {
      "version": "1.7.0",
      "resolved": "https://registry.npmjs.org/@ngrok/ngrok-darwin-x64/-/ngrok-darwin-x64-1.7.0.tgz",
      "integrity": "sha512-+fwMi5uHd9G8BS42MMa9ye6exI5lwTcjUO6Ut497Vu0qgLONdVRenRqnEePV+Q3KtQR7NjqkMnomVfkr9MBjtw==",
      "cpu": [
        "x64"
      ],
      "license": "MIT",
      "optional": true,
      "os": [
        "darwin"
      ],
      "engines": {
        "node": ">= 10"
      }
    },
    "node_modules/@ngrok/ngrok-freebsd-x64": {
      "version": "1.7.0",
      "resolved": "https://registry.npmjs.org/@ngrok/ngrok-freebsd-x64/-/ngrok-freebsd-x64-1.7.0.tgz",
      "integrity": "sha512-2OGgbrjy3yLRrqAz5N6hlUKIWIXSpR5RjQa2chtZMsSbszQ6c9dI+uVQfOKAeo05tHMUgrYAZ7FocC+ig0dzdQ==",
      "cpu": [
        "x64"
      ],
      "license": "MIT",
      "optional": true,
      "os": [
        "freebsd"
      ],
      "engines": {
        "node": ">= 10"
      }
    },
    "node_modules/@ngrok/ngrok-linux-arm-gnueabihf": {
      "version": "1.7.0",
      "resolved": "https://registry.npmjs.org/@ngrok/ngrok-linux-arm-gnueabihf/-/ngrok-linux-arm-gnueabihf-1.7.0.tgz",
      "integrity": "sha512-SN9YIfEQiR9xN90QVNvdgvAemqMLoFVSeTWZs779145hQMhvF9Qd9rnWi6J+2uNNK10OczdV1oc/nq1es7u/3g==",
      "cpu": [
        "arm"
      ],
      "license": "MIT",
      "optional": true,
      "os": [
        "linux"
      ],
      "engines": {
        "node": ">= 10"
      }
    },
    "node_modules/@ngrok/ngrok-linux-arm64-gnu": {
      "version": "1.7.0",
      "resolved": "https://registry.npmjs.org/@ngrok/ngrok-linux-arm64-gnu/-/ngrok-linux-arm64-gnu-1.7.0.tgz",
      "integrity": "sha512-KDMgzPKFU2kbpVSaA2RZBBia5IPdJEe063YlyVFnSMJmPYWCUnMwdybBsucXfV9u1Lw/ZjKTKotIlbTWGn3HGw==",
      "cpu": [
        "arm64"
      ],
      "license": "MIT",
      "optional": true,
      "os": [
        "linux"
      ],
      "engines": {
        "node": ">= 10"
      }
    },
    "node_modules/@ngrok/ngrok-linux-arm64-musl": {
      "version": "1.7.0",
      "resolved": "https://registry.npmjs.org/@ngrok/ngrok-linux-arm64-musl/-/ngrok-linux-arm64-musl-1.7.0.tgz",
      "integrity": "sha512-e66vUdVrBlQ0lT9ZdamB4U604zt5Gualt8/WVcUGzbu8s5LajWd6g/mzZCUjK4UepjvMpfgmCp1/+rX7Rk8d5A==",
      "cpu": [
        "arm64"
      ],
      "license": "MIT",
      "optional": true,
      "os": [
        "linux"
      ],
      "engines": {
        "node": ">= 10"
      }
    },
    "node_modules/@ngrok/ngrok-linux-x64-gnu": {
      "version": "1.7.0",
      "resolved": "https://registry.npmjs.org/@ngrok/ngrok-linux-x64-gnu/-/ngrok-linux-x64-gnu-1.7.0.tgz",
      "integrity": "sha512-M6gF0DyOEFqXLfWxObfL3bxYZ4+PnKBHuyLVaqNfFN9Y5utY2mdPOn5422Ppbk4XoIK5/YkuhRqPJl/9FivKEw==",
      "cpu": [
        "x64"
      ],
      "license": "MIT",
      "optional": true,
      "os": [
        "linux"
      ],
      "engines": {
        "node": ">= 10"
      }
    },
    "node_modules/@ngrok/ngrok-linux-x64-musl": {
      "version": "1.7.0",
      "resolved": "https://registry.npmjs.org/@ngrok/ngrok-linux-x64-musl/-/ngrok-linux-x64-musl-1.7.0.tgz",
      "integrity": "sha512-4Ijm0dKeoyzZTMaYxR2EiNjtlK81ebflg/WYIO1XtleFrVy4UJEGnxtxEidYoT4BfCqi4uvXiK2Mx216xXKvog==",
      "cpu": [
        "x64"
      ],
      "license": "MIT",
      "optional": true,
      "os": [
        "linux"
      ],
      "engines": {
        "node": ">= 10"
      }
    },
    "node_modules/@ngrok/ngrok-win32-arm64-msvc": {
      "version": "1.7.0",
      "resolved": "https://registry.npmjs.org/@ngrok/ngrok-win32-arm64-msvc/-/ngrok-win32-arm64-msvc-1.7.0.tgz",
      "integrity": "sha512-u7qyWIJI2/YG1HTBnHwUR1+Z2tyGfAsUAItJK/+N1G0FeWJhIWQvSIFJHlaPy4oW1Dc8mSDBX9qvVsiQgLaRFg==",
      "cpu": [
        "arm64"
      ],
      "license": "MIT",
      "optional": true,
      "os": [
        "win32"
      ],
      "engines": {
        "node": ">= 10"
      }
    },
    "node_modules/@ngrok/ngrok-win32-ia32-msvc": {
      "version": "1.7.0",
      "resolved": "https://registry.npmjs.org/@ngrok/ngrok-win32-ia32-msvc/-/ngrok-win32-ia32-msvc-1.7.0.tgz",
      "integrity": "sha512-/UdYUsLNv/Q8j9YJsyIfq/jLCoD8WP+NidouucTUzSoDtmOsXBBT3itLrmPiZTEdEgKiFYLuC1Zon8XQQvbVLA==",
      "cpu": [
        "ia32"
      ],
      "license": "MIT",
      "optional": true,
      "os": [
        "win32"
      ],
      "engines": {
        "node": ">= 10"
      }
    },
    "node_modules/@ngrok/ngrok-win32-x64-msvc": {
      "version": "1.7.0",
      "resolved": "https://registry.npmjs.org/@ngrok/ngrok-win32-x64-msvc/-/ngrok-win32-x64-msvc-1.7.0.tgz",
      "integrity": "sha512-UFJg/duEWzZlLkEs61Gz6/5nYhGaKI62I8dvUGdBR3NCtIMagehnFaFxmnXZldyHmCM8U0aCIFNpWRaKcrQkoA==",
      "cpu": [
        "x64"
      ],
      "license": "MIT",
      "optional": true,
      "os": [
        "win32"
      ],
      "engines": {
        "node": ">= 10"
      }
    },
    "node_modules/@scarf/scarf": {
      "version": "1.4.0",
      "resolved": "https://registry.npmjs.org/@scarf/scarf/-/scarf-1.4.0.tgz",
      "integrity": "sha512-xxeapPiUXdZAE3che6f3xogoJPeZgig6omHEy1rIY5WVsB3H2BHNnZH+gHG6x91SCWyQCzWGsuL2Hh3ClO5/qQ==",
      "hasInstallScript": true,
      "license": "Apache-2.0"
    },
    "node_modules/angular-calendar": {
      "version": "0.32.0",
      "resolved": "https://registry.npmjs.org/angular-calendar/-/angular-calendar-0.32.0.tgz",
      "integrity": "sha512-+iQ4j04SCxFv75bp8psx0Q9S7eefREE2IbwbeaSA3uqJcl7Rm1uo7mBwF9Pcg9gu6+U1NDVYlWzDsBpL9b4u3w==",
      "license": "MIT",
      "dependencies": {
        "@scarf/scarf": "^1.1.1",
        "calendar-utils": "^0.12.3",
        "positioning": "^3.0.0",
        "tslib": "^2.4.1"
      },
      "funding": {
        "url": "https://github.com/sponsors/mattlewis92"
      },
      "peerDependencies": {
        "@angular/core": ">=20.2.0",
        "angular-draggable-droppable": "^9.0.1",
        "angular-resizable-element": "^8.0.0",
        "date-fns": "^4.0.0",
        "moment": "^2.0.0"
      },
      "peerDependenciesMeta": {
        "date-fns": {
          "optional": true
        },
        "moment": {
          "optional": true
        }
      }
    },
    "node_modules/calendar-utils": {
      "version": "0.12.4",
      "resolved": "https://registry.npmjs.org/calendar-utils/-/calendar-utils-0.12.4.tgz",
      "integrity": "sha512-OYhqJdeDRRVUdMYJMUrXtR7Go+80oEcA6VK4T3zjcUloQqcOVQKs/kp7j8Yw0HiLOcGwzF50WhLmzZoUNfkM7A==",
      "license": "MIT",
      "peerDependencies": {
        "date-fns": "^4.0.0",
        "luxon": "^3.0.0",
        "moment": "^2.0.0"
      },
      "peerDependenciesMeta": {
        "date-fns": {
          "optional": true
        },
        "luxon": {
          "optional": true
        },
        "moment": {
          "optional": true
        }
      }
    },
    "node_modules/entities": {
      "version": "6.0.1",
      "resolved": "https://registry.npmjs.org/entities/-/entities-6.0.1.tgz",
      "integrity": "sha512-aN97NXWF6AWBTahfVOIrB/NShkzi5H7F9r1s9mD3cDj4Ko5f2qhhVoYMibXF7GlLveb/D2ioWay8lxI97Ven3g==",
      "license": "BSD-2-Clause",
      "engines": {
        "node": ">=0.12"
      },
      "funding": {
        "url": "https://github.com/fb55/entities?sponsor=1"
      }
    },
    "node_modules/parse5": {
      "version": "7.3.0",
      "resolved": "https://registry.npmjs.org/parse5/-/parse5-7.3.0.tgz",
      "integrity": "sha512-IInvU7fabl34qmi9gY8XOVxhYyMyuH2xUNpb2q8/Y+7552KlejkRvqvD19nMoUW/uQGGbqNpA6Tufu5FL5BZgw==",
      "license": "MIT",
      "dependencies": {
        "entities": "^6.0.0"
      },
      "funding": {
        "url": "https://github.com/inikulin/parse5?sponsor=1"
      }
    },
    "node_modules/positioning": {
      "version": "3.0.1",
      "resolved": "https://registry.npmjs.org/positioning/-/positioning-3.0.1.tgz",
      "integrity": "sha512-cqg00fwFtEu14YwlLUuvFih5ztTd9RYUguJA55lWjeIGFQTpik7ca+TMU87YhAgwWjyjcGIG6l80eUh7X6uHog==",
      "license": "MIT"
    },
    "node_modules/tslib": {
      "version": "2.8.1",
      "resolved": "https://registry.npmjs.org/tslib/-/tslib-2.8.1.tgz",
      "integrity": "sha512-oJFu94HQb+KVduSUQL7wnpmqnfmLsOA/nAh6b6EH0wCEoK0/mPeXU6c3wKDV83MkOuHPRHtSXKKU99IBazS/2w==",
      "license": "0BSD"
    }
  }
}
